
Microsoft Visual Studio Solution File, Format Version 12.00
# Visual Studio Version 17
VisualStudioVersion = 17.14.36121.58
MinimumVisualStudioVersion = 10.0.40219.1
Project("{FAE04EC0-301F-11D3-BF4B-00C04F79EFBC}") = "VirtualStore.AppHost", "VirtualStore.AppHost\VirtualStore.AppHost.csproj", "{87ECD222-8675-4D45-B874-D73D4A30C747}"
	ProjectSection(ProjectDependencies) = postProject
		{29E87B7A-62AE-BB29-4327-5058611BE1EE} = {29E87B7A-62AE-BB29-4327-5058611BE1EE}
	EndProjectSection
EndProject
Project("{FAE04EC0-301F-11D3-BF4B-00C04F79EFBC}") = "VirtualStore.ServiceDefaults", "VirtualStore.ServiceDefaults\VirtualStore.ServiceDefaults.csproj", "{30DF6435-628C-291B-7009-72D08F74E933}"
EndProject
Project("{FAE04EC0-301F-11D3-BF4B-00C04F79EFBC}") = "VirtualStore.Accessor", "VirtualStore.Accessor\VirtualStore.Accessor.csproj", "{DE73DCC3-BFC1-CF35-D068-1378CA1595DA}"
EndProject
Project("{FAE04EC0-301F-11D3-BF4B-00C04F79EFBC}") = "VirtualStore.Docker", "VirtualStore.Docker\VirtualStore.Docker.csproj", "{BEAFDA5F-30DC-F4EB-B363-6DF1D2840F22}"
EndProject
Project("{2150E333-8FDC-42A3-9474-1A3956D46DE8}") = "Solution Items", "Solution Items", "{8EC462FD-D22E-90A8-E5CE-7E832BA40C5D}"
EndProject
Project("{FAE04EC0-301F-11D3-BF4B-00C04F79EFBC}") = "VirtualStore.Managers", "VirtualStore.Managers\VirtualStore.Managers.csproj", "{29E87B7A-62AE-BB29-4327-5058611BE1EE}"
EndProject
Global
	GlobalSection(SolutionConfigurationPlatforms) = preSolution
		Debug|Any CPU = Debug|Any CPU
		Release|Any CPU = Release|Any CPU
	EndGlobalSection
	GlobalSection(ProjectConfigurationPlatforms) = postSolution
		{87ECD222-8675-4D45-B874-D73D4A30C747}.Debug|Any CPU.ActiveCfg = Debug|Any CPU
		{87ECD222-8675-4D45-B874-D73D4A30C747}.Debug|Any CPU.Build.0 = Debug|Any CPU
		{87ECD222-8675-4D45-B874-D73D4A30C747}.Release|Any CPU.ActiveCfg = Release|Any CPU
		{87ECD222-8675-4D45-B874-D73D4A30C747}.Release|Any CPU.Build.0 = Release|Any CPU
		{30DF6435-628C-291B-7009-72D08F74E933}.Debug|Any CPU.ActiveCfg = Debug|Any CPU
		{30DF6435-628C-291B-7009-72D08F74E933}.Debug|Any CPU.Build.0 = Debug|Any CPU
		{30DF6435-628C-291B-7009-72D08F74E933}.Release|Any CPU.ActiveCfg = Release|Any CPU
		{30DF6435-628C-291B-7009-72D08F74E933}.Release|Any CPU.Build.0 = Release|Any CPU
		{DE73DCC3-BFC1-CF35-D068-1378CA1595DA}.Debug|Any CPU.ActiveCfg = Debug|Any CPU
		{DE73DCC3-BFC1-CF35-D068-1378CA1595DA}.Debug|Any CPU.Build.0 = Debug|Any CPU
		{DE73DCC3-BFC1-CF35-D068-1378CA1595DA}.Release|Any CPU.ActiveCfg = Release|Any CPU
		{DE73DCC3-BFC1-CF35-D068-1378CA1595DA}.Release|Any CPU.Build.0 = Release|Any CPU
		{BEAFDA5F-30DC-F4EB-B363-6DF1D2840F22}.Debug|Any CPU.ActiveCfg = Debug|Any CPU
		{BEAFDA5F-30DC-F4EB-B363-6DF1D2840F22}.Debug|Any CPU.Build.0 = Debug|Any CPU
		{BEAFDA5F-30DC-F4EB-B363-6DF1D2840F22}.Release|Any CPU.ActiveCfg = Release|Any CPU
		{BEAFDA5F-30DC-F4EB-B363-6DF1D2840F22}.Release|Any CPU.Build.0 = Release|Any CPU
		{29E87B7A-62AE-BB29-4327-5058611BE1EE}.Debug|Any CPU.ActiveCfg = Debug|Any CPU
		{29E87B7A-62AE-BB29-4327-5058611BE1EE}.Debug|Any CPU.Build.0 = Debug|Any CPU
		{29E87B7A-62AE-BB29-4327-5058611BE1EE}.Release|Any CPU.ActiveCfg = Release|Any CPU
		{29E87B7A-62AE-BB29-4327-5058611BE1EE}.Release|Any CPU.Build.0 = Release|Any CPU
	EndGlobalSection
	GlobalSection(SolutionProperties) = preSolution
		HideSolutionNode = FALSE
	EndGlobalSection
	GlobalSection(ExtensibilityGlobals) = postSolution
		SolutionGuid = {E20DC3D9-7E2D-4B01-8B88-61026EE6CEE7}
	EndGlobalSection
EndGlobal
